
Microsoft Visual Studio Solution File, Format Version 12.00
# Visual Studio Version 16
VisualStudioVersion = 16.0.31019.35
MinimumVisualStudioVersion = 10.0.40219.1
Project("{FAE04EC0-301F-11D3-BF4B-00C04F79EFBC}") = "HowManyTriangle", "HowManyTriangle\HowManyTriangle.csproj", "{84867F66-4214-4BE1-9C5C-E0670297A181}"
EndProject
Global
	GlobalSection(SolutionConfigurationPlatforms) = preSolution
		Debug|Any CPU = Debug|Any CPU
		Release|Any CPU = Release|Any CPU
	EndGlobalSection
	GlobalSection(ProjectConfigurationPlatforms) = postSolution
		{84867F66-4214-4BE1-9C5C-E0670297A181}.Debug|Any CPU.ActiveCfg = Debug|Any CPU
		{84867F66-4214-4BE1-9C5C-E0670297A181}.Debug|Any CPU.Build.0 = Debug|Any CPU
		{84867F66-4214-4BE1-9C5C-E0670297A181}.Release|Any CPU.ActiveCfg = Release|Any CPU
		{84867F66-4214-4BE1-9C5C-E0670297A181}.Release|Any CPU.Build.0 = Release|Any CPU
	EndGlobalSection
	GlobalSection(SolutionProperties) = preSolution
		HideSolutionNode = FALSE
	EndGlobalSection
	GlobalSection(ExtensibilityGlobals) = postSolution
		SolutionGuid = {8A452875-72B4-4961-AA6C-0AB2EAEFF221}
	EndGlobalSection
EndGlobal
